// !$*UTF8*$!
{
	archiveVersion = 1;
	classes = {
	};
	objectVersion = 46;
	objects = {

/* Begin PBXBuildFile section */
		D22114811E36C7D600874394 /* AppDelegate.swift in Sources */ = {isa = PBXBuildFile; fileRef = D22114801E36C7D600874394 /* AppDelegate.swift */; };
		D22114831E36C7D600874394 /* ViewController.swift in Sources */ = {isa = PBXBuildFile; fileRef = D22114821E36C7D600874394 /* ViewController.swift */; };
		D22114861E36C7D600874394 /* Main.storyboard in Resources */ = {isa = PBXBuildFile; fileRef = D22114841E36C7D600874394 /* Main.storyboard */; };
		D22114881E36C7D600874394 /* Assets.xcassets in Resources */ = {isa = PBXBuildFile; fileRef = D22114871E36C7D600874394 /* Assets.xcassets */; };
		D221148B1E36C7D600874394 /* LaunchScreen.storyboard in Resources */ = {isa = PBXBuildFile; fileRef = D22114891E36C7D600874394 /* LaunchScreen.storyboard */; };
		D22114961E36C7D600874394 /* DRonanHW01Tests.swift in Sources */ = {isa = PBXBuildFile; fileRef = D22114951E36C7D600874394 /* DRonanHW01Tests.swift */; };
		D22114A11E36C7D600874394 /* DRonanHW01UITests.swift in Sources */ = {isa = PBXBuildFile; fileRef = D22114A01E36C7D600874394 /* DRonanHW01UITests.swift */; };
/* End PBXBuildFile section */

/* Begin PBXContainerItemProxy section */
		D22114921E36C7D600874394 /* PBXContainerItemProxy */ = {
			isa = PBXContainerItemProxy;
			containerPortal = D22114751E36C7D600874394 /* Project object */;
			proxyType = 1;
			remoteGlobalIDString = D221147C1E36C7D600874394;
			remoteInfo = DRonanHW01;
		};
		D221149D1E36C7D600874394 /* PBXContainerItemProxy */ = {
			isa = PBXContainerItemProxy;
			containerPortal = D22114751E36C7D600874394 /* Project object */;
			proxyType = 1;
			remoteGlobalIDString = D221147C1E36C7D600874394;
			remoteInfo = DRonanHW01;
		};
/* End PBXContainerItemProxy section */

/* Begin PBXFileReference section */
		D221147D1E36C7D600874394 /* DRonanHW01.app */ = {isa = PBXFileReference; explicitFileType = wrapper.application; includeInIndex = 0; path = DRonanHW01.app; sourceTree = BUILT_PRODUCTS_DIR; };
		D22114801E36C7D600874394 /* AppDelegate.swift */ = {isa = PBXFileReference; lastKnownFileType = sourcecode.swift; path = AppDelegate.swift; sourceTree = "<group>"; };
		D22114821E36C7D600874394 /* ViewController.swift */ = {isa = PBXFileReference; lastKnownFileType = sourcecode.swift; path = ViewController.swift; sourceTree = "<group>"; };
		D22114851E36C7D600874394 /* Base */ = {isa = PBXFileReference; lastKnownFileType = file.storyboard; name = Base; path = Base.lproj/Main.storyboard; sourceTree = "<group>"; };
		D22114871E36C7D600874394 /* Assets.xcassets */ = {isa = PBXFileReference; lastKnownFileType = folder.assetcatalog; path = Assets.xcassets; sourceTree = "<group>"; };
		D221148A1E36C7D600874394 /* Base */ = {isa = PBXFileReference; lastKnownFileType = file.storyboard; name = Base; path = Base.lproj/LaunchScreen.storyboard; sourceTree = "<group>"; };
		D221148C1E36C7D600874394 /* Info.plist */ = {isa = PBXFileReference; lastKnownFileType = text.plist.xml; path = Info.plist; sourceTree = "<group>"; };
		D22114911E36C7D600874394 /* DRonanHW01Tests.xctest */ = {isa = PBXFileReference; explicitFileType = wrapper.cfbundle; includeInIndex = 0; path = DRonanHW01Tests.xctest; sourceTree = BUILT_PRODUCTS_DIR; };
		D22114951E36C7D600874394 /* DRonanHW01Tests.swift */ = {isa = PBXFileReference; lastKnownFileType = sourcecode.swift; path = DRonanHW01Tests.swift; sourceTree = "<group>"; };
		D22114971E36C7D600874394 /* Info.plist */ = {isa = PBXFileReference; lastKnownFileType = text.plist.xml; path = Info.plist; sourceTree = "<group>"; };
		D221149C1E36C7D600874394 /* DRonanHW01UITests.xctest */ = {isa = PBXFileReference; explicitFileType = wrapper.cfbundle; includeInIndex = 0; path = DRonanHW01UITests.xctest; sourceTree = BUILT_PRODUCTS_DIR; };
		D22114A01E36C7D600874394 /* DRonanHW01UITests.swift */ = {isa = PBXFileReference; lastKnownFileType = sourcecode.swift; path = DRonanHW01UITests.swift; sourceTree = "<group>"; };
		D22114A21E36C7D600874394 /* Info.plist */ = {isa = PBXFileReference; lastKnownFileType = text.plist.xml; path = Info.plist; sourceTree = "<group>"; };
/* End PBXFileReference section */

/* Begin PBXFrameworksBuildPhase section */
		D221147A1E36C7D600874394 /* Frameworks */ = {
			isa = PBXFrameworksBuildPhase;
			buildActionMask = 2147483647;
			files = (
			);
			runOnlyForDeploymentPostprocessing = 0;
		};
		D221148E1E36C7D600874394 /* Frameworks */ = {
			isa = PBXFrameworksBuildPhase;
			buildActionMask = 2147483647;
			files = (
			);
			runOnlyForDeploymentPostprocessing = 0;
		};
		D22114991E36C7D600874394 /* Frameworks */ = {
			isa = PBXFrameworksBuildPhase;
			buildActionMask = 2147483647;
			files = (
			);
			runOnlyForDeploymentPostprocessing = 0;
		};
/* End PBXFrameworksBuildPhase section */

/* Begin PBXGroup section */
		D22114741E36C7D600874394 = {
			isa = PBXGroup;
			children = (
				D221147F1E36C7D600874394 /* DRonanHW01 */,
				D22114941E36C7D600874394 /* DRonanHW01Tests */,
				D221149F1E36C7D600874394 /* DRonanHW01UITests */,
				D221147E1E36C7D600874394 /* Products */,
			);
			sourceTree = "<group>";
		};
		D221147E1E36C7D600874394 /* Products */ = {
			isa = PBXGroup;
			children = (
				D221147D1E36C7D600874394 /* DRonanHW01.app */,
				D22114911E36C7D600874394 /* DRonanHW01Tests.xctest */,
				D221149C1E36C7D600874394 /* DRonanHW01UITests.xctest */,
			);
			name = Products;
			sourceTree = "<group>";
		};
		D221147F1E36C7D600874394 /* DRonanHW01 */ = {
			isa = PBXGroup;
			children = (
				D22114801E36C7D600874394 /* AppDelegate.swift */,
				D22114821E36C7D600874394 /* ViewController.swift */,
				D22114841E36C7D600874394 /* Main.storyboard */,
				D22114871E36C7D600874394 /* Assets.xcassets */,
				D22114891E36C7D600874394 /* LaunchScreen.storyboard */,
				D221148C1E36C7D600874394 /* Info.plist */,
			);
			path = DRonanHW01;
			sourceTree = "<group>";
		};
		D22114941E36C7D600874394 /* DRonanHW01Tests */ = {
			isa = PBXGroup;
			children = (
				D22114951E36C7D600874394 /* DRonanHW01Tests.swift */,
				D22114971E36C7D600874394 /* Info.plist */,
			);
			path = DRonanHW01Tests;
			sourceTree = "<group>";
		};
		D221149F1E36C7D600874394 /* DRonanHW01UITests */ = {
			isa = PBXGroup;
			children = (
				D22114A01E36C7D600874394 /* DRonanHW01UITests.swift */,
				D22114A21E36C7D600874394 /* Info.plist */,
			);
			path = DRonanHW01UITests;
			sourceTree = "<group>";
		};
/* End PBXGroup section */

/* Begin PBXNativeTarget section */
		D221147C1E36C7D600874394 /* DRonanHW01 */ = {
			isa = PBXNativeTarget;
			buildConfigurationList = D22114A51E36C7D600874394 /* Build configuration list for PBXNativeTarget "DRonanHW01" */;
			buildPhases = (
				D22114791E36C7D600874394 /* Sources */,
				D221147A1E36C7D600874394 /* Frameworks */,
				D221147B1E36C7D600874394 /* Resources */,
			);
			buildRules = (
			);
			dependencies = (
			);
			name = DRonanHW01;
			productName = DRonanHW01;
			productReference = D221147D1E36C7D600874394 /* DRonanHW01.app */;
			productType = "com.apple.product-type.application";
		};
		D22114901E36C7D600874394 /* DRonanHW01Tests */ = {
			isa = PBXNativeTarget;
			buildConfigurationList = D22114A81E36C7D600874394 /* Build configuration list for PBXNativeTarget "DRonanHW01Tests" */;
			buildPhases = (
				D221148D1E36C7D600874394 /* Sources */,
				D221148E1E36C7D600874394 /* Frameworks */,
				D221148F1E36C7D600874394 /* Resources */,
			);
			buildRules = (
			);
			dependencies = (
				D22114931E36C7D600874394 /* PBXTargetDependency */,
			);
			name = DRonanHW01Tests;
			productName = DRonanHW01Tests;
			productReference = D22114911E36C7D600874394 /* DRonanHW01Tests.xctest */;
			productType = "com.apple.product-type.bundle.unit-test";
		};
		D221149B1E36C7D600874394 /* DRonanHW01UITests */ = {
			isa = PBXNativeTarget;
			buildConfigurationList = D22114AB1E36C7D600874394 /* Build configuration list for PBXNativeTarget "DRonanHW01UITests" */;
			buildPhases = (
				D22114981E36C7D600874394 /* Sources */,
				D22114991E36C7D600874394 /* Frameworks */,
				D221149A1E36C7D600874394 /* Resources */,
			);
			buildRules = (
			);
			dependencies = (
				D221149E1E36C7D600874394 /* PBXTargetDependency */,
			);
			name = DRonanHW01UITests;
			productName = DRonanHW01UITests;
			productReference = D221149C1E36C7D600874394 /* DRonanHW01UITests.xctest */;
			productType = "com.apple.product-type.bundle.ui-testing";
		};
/* End PBXNativeTarget section */

/* Begin PBXProject section */
		D22114751E36C7D600874394 /* Project object */ = {
			isa = PBXProject;
			attributes = {
				LastSwiftUpdateCheck = 0820;
				LastUpgradeCheck = 0820;
				ORGANIZATIONNAME = "Dom Ronan";
				TargetAttributes = {
					D221147C1E36C7D600874394 = {
						CreatedOnToolsVersion = 8.2.1;
						ProvisioningStyle = Automatic;
					};
					D22114901E36C7D600874394 = {
						CreatedOnToolsVersion = 8.2.1;
						ProvisioningStyle = Automatic;
						TestTargetID = D221147C1E36C7D600874394;
					};
					D221149B1E36C7D600874394 = {
						CreatedOnToolsVersion = 8.2.1;
						ProvisioningStyle = Automatic;
						TestTargetID = D221147C1E36C7D600874394;
					};
				};
			};
			buildConfigurationList = D22114781E36C7D600874394 /* Build configuration list for PBXProject "DRonanHW01" */;
			compatibilityVersion = "Xcode 3.2";
			developmentRegion = English;
			hasScannedForEncodings = 0;
			knownRegions = (
				en,
				Base,
			);
			mainGroup = D22114741E36C7D600874394;
			productRefGroup = D221147E1E36C7D600874394 /* Products */;
			projectDirPath = "";
			projectRoot = "";
			targets = (
				D221147C1E36C7D600874394 /* DRonanHW01 */,
				D22114901E36C7D600874394 /* DRonanHW01Tests */,
				D221149B1E36C7D600874394 /* DRonanHW01UITests */,
			);
		};
/* End PBXProject section */

/* Begin PBXResourcesBuildPhase section */
		D221147B1E36C7D600874394 /* Resources */ = {
			isa = PBXResourcesBuildPhase;
			buildActionMask = 2147483647;
			files = (
				D221148B1E36C7D600874394 /* LaunchScreen.storyboard in Resources */,
				D22114881E36C7D600874394 /* Assets.xcassets in Resources */,
				D22114861E36C7D600874394 /* Main.storyboard in Resources */,
			);
			runOnlyForDeploymentPostprocessing = 0;
		};
		D221148F1E36C7D600874394 /* Resources */ = {
			isa = PBXResourcesBuildPhase;
			buildActionMask = 2147483647;
			files = (
			);
			runOnlyForDeploymentPostprocessing = 0;
		};
		D221149A1E36C7D600874394 /* Resources */ = {
			isa = PBXResourcesBuildPhase;
			buildActionMask = 2147483647;
			files = (
			);
			runOnlyForDeploymentPostprocessing = 0;
		};
/* End PBXResourcesBuildPhase section */

/* Begin PBXSourcesBuildPhase section */
		D22114791E36C7D600874394 /* Sources */ = {
			isa = PBXSourcesBuildPhase;
			buildActionMask = 2147483647;
			files = (
				D22114831E36C7D600874394 /* ViewController.swift in Sources */,
				D22114811E36C7D600874394 /* AppDelegate.swift in Sources */,
			);
			runOnlyForDeploymentPostprocessing = 0;
		};
		D221148D1E36C7D600874394 /* Sources */ = {
			isa = PBXSourcesBuildPhase;
			buildActionMask = 2147483647;
			files = (
				D22114961E36C7D600874394 /* DRonanHW01Tests.swift in Sources */,
			);
			runOnlyForDeploymentPostprocessing = 0;
		};
		D22114981E36C7D600874394 /* Sources */ = {
			isa = PBXSourcesBuildPhase;
			buildActionMask = 2147483647;
			files = (
				D22114A11E36C7D600874394 /* DRonanHW01UITests.swift in Sources */,
			);
			runOnlyForDeploymentPostprocessing = 0;
		};
/* End PBXSourcesBuildPhase section */

/* Begin PBXTargetDependency section */
		D22114931E36C7D600874394 /* PBXTargetDependency */ = {
			isa = PBXTargetDependency;
			target = D221147C1E36C7D600874394 /* DRonanHW01 */;
			targetProxy = D22114921E36C7D600874394 /* PBXContainerItemProxy */;
		};
		D221149E1E36C7D600874394 /* PBXTargetDependency */ = {
			isa = PBXTargetDependency;
			target = D221147C1E36C7D600874394 /* DRonanHW01 */;
			targetProxy = D221149D1E36C7D600874394 /* PBXContainerItemProxy */;
		};
/* End PBXTargetDependency section */

/* Begin PBXVariantGroup section */
		D22114841E36C7D600874394 /* Main.storyboard */ = {
			isa = PBXVariantGroup;
			children = (
				D22114851E36C7D600874394 /* Base */,
			);
			name = Main.storyboard;
			sourceTree = "<group>";
		};
		D22114891E36C7D600874394 /* LaunchScreen.storyboard */ = {
			isa = PBXVariantGroup;
			children = (
				D221148A1E36C7D600874394 /* Base */,
			);
			name = LaunchScreen.storyboard;
			sourceTree = "<group>";
		};
/* End PBXVariantGroup section */

/* Begin XCBuildConfiguration section */
		D22114A31E36C7D600874394 /* Debug */ = {
			isa = XCBuildConfiguration;
			buildSettings = {
				ALWAYS_SEARCH_USER_PATHS = NO;
				CLANG_ANALYZER_NONNULL = YES;
				CLANG_CXX_LANGUAGE_STANDARD = "gnu++0x";
				CLANG_CXX_LIBRARY = "libc++";
				CLANG_ENABLE_MODULES = YES;
				CLANG_ENABLE_OBJC_ARC = YES;
				CLANG_WARN_BOOL_CONVERSION = YES;
				CLANG_WARN_CONSTANT_CONVERSION = YES;
				CLANG_WARN_DIRECT_OBJC_ISA_USAGE = YES_ERROR;
				CLANG_WARN_DOCUMENTATION_COMMENTS = YES;
				CLANG_WARN_EMPTY_BODY = YES;
				CLANG_WARN_ENUM_CONVERSION = YES;
				CLANG_WARN_INFINITE_RECURSION = YES;
				CLANG_WARN_INT_CONVERSION = YES;
				CLANG_WARN_OBJC_ROOT_CLASS = YES_ERROR;
				CLANG_WARN_SUSPICIOUS_MOVE = YES;
				CLANG_WARN_UNREACHABLE_CODE = YES;
				CLANG_WARN__DUPLICATE_METHOD_MATCH = YES;
				"CODE_SIGN_IDENTITY[sdk=iphoneos*]" = "iPhone Developer";
				COPY_PHASE_STRIP = NO;
				DEBUG_INFORMATION_FORMAT = dwarf;
				ENABLE_STRICT_OBJC_MSGSEND = YES;
				ENABLE_TESTABILITY = YES;
				GCC_C_LANGUAGE_STANDARD = gnu99;
				GCC_DYNAMIC_NO_PIC = NO;
				GCC_NO_COMMON_BLOCKS = YES;
				GCC_OPTIMIZATION_LEVEL = 0;
				GCC_PREPROCESSOR_DEFINITIONS = (
					"DEBUG=1",
					"$(inherited)",
				);
				GCC_WARN_64_TO_32_BIT_CONVERSION = YES;
				GCC_WARN_ABOUT_RETURN_TYPE = YES_ERROR;
				GCC_WARN_UNDECLARED_SELECTOR = YES;
				GCC_WARN_UNINITIALIZED_AUTOS = YES_AGGRESSIVE;
				GCC_WARN_UNUSED_FUNCTION = YES;
				GCC_WARN_UNUSED_VARIABLE = YES;
				IPHONEOS_DEPLOYMENT_TARGET = 10.2;
				MTL_ENABLE_DEBUG_INFO = YES;
				ONLY_ACTIVE_ARCH = YES;
				SDKROOT = iphoneos;
				SWIFT_ACTIVE_COMPILATION_CONDITIONS = DEBUG;
				SWIFT_OPTIMIZATION_LEVEL = "-Onone";
				TARGETED_DEVICE_FAMILY = "1,2";
			};
			name = Debug;
		};
		D22114A41E36C7D600874394 /* Release */ = {
			isa = XCBuildConfiguration;
			buildSettings = {
				ALWAYS_SEARCH_USER_PATHS = NO;
				CLANG_ANALYZER_NONNULL = YES;
				CLANG_CXX_LANGUAGE_STANDARD = "gnu++0x";
				CLANG_CXX_LIBRARY = "libc++";
				CLANG_ENABLE_MODULES = YES;
				CLANG_ENABLE_OBJC_ARC = YES;
				CLANG_WARN_BOOL_CONVERSION = YES;
				CLANG_WARN_CONSTANT_CONVERSION = YES;
				CLANG_WARN_DIRECT_OBJC_ISA_USAGE = YES_ERROR;
				CLANG_WARN_DOCUMENTATION_COMMENTS = YES;
				CLANG_WARN_EMPTY_BODY = YES;
				CLANG_WARN_ENUM_CONVERSION = YES;
				CLANG_WARN_INFINITE_RECURSION = YES;
				CLANG_WARN_INT_CONVERSION = YES;
				CLANG_WARN_OBJC_ROOT_CLASS = YES_ERROR;
				CLANG_WARN_SUSPICIOUS_MOVE = YES;
				CLANG_WARN_UNREACHABLE_CODE = YES;
				CLANG_WARN__DUPLICATE_METHOD_MATCH = YES;
				"CODE_SIGN_IDENTITY[sdk=iphoneos*]" = "iPhone Developer";
				COPY_PHASE_STRIP = NO;
				DEBUG_INFORMATION_FORMAT = "dwarf-with-dsym";
				ENABLE_NS_ASSERTIONS = NO;
				ENABLE_STRICT_OBJC_MSGSEND = YES;
				GCC_C_LANGUAGE_STANDARD = gnu99;
				GCC_NO_COMMON_BLOCKS = YES;
				GCC_WARN_64_TO_32_BIT_CONVERSION = YES;
				GCC_WARN_ABOUT_RETURN_TYPE = YES_ERROR;
				GCC_WARN_UNDECLARED_SELECTOR = YES;
				GCC_WARN_UNINITIALIZED_AUTOS = YES_AGGRESSIVE;
				GCC_WARN_UNUSED_FUNCTION = YES;
				GCC_WARN_UNUSED_VARIABLE = YES;
				IPHONEOS_DEPLOYMENT_TARGET = 10.2;
				MTL_ENABLE_DEBUG_INFO = NO;
				SDKROOT = iphoneos;
				SWIFT_OPTIMIZATION_LEVEL = "-Owholemodule";
				TARGETED_DEVICE_FAMILY = "1,2";
				VALIDATE_PRODUCT = YES;
			};
			name = Release;
		};
		D22114A61E36C7D600874394 /* Debug */ = {
			isa = XCBuildConfiguration;
			buildSettings = {
				ASSETCATALOG_COMPILER_APPICON_NAME = AppIcon;
				INFOPLIST_FILE = DRonanHW01/Info.plist;
				LD_RUNPATH_SEARCH_PATHS = "$(inherited) @executable_path/Frameworks";
				PRODUCT_BUNDLE_IDENTIFIER = com.domronan.DRonanHW01;
				PRODUCT_NAME = "$(TARGET_NAME)";
				SWIFT_VERSION = 3.0;
			};
			name = Debug;
		};
		D22114A71E36C7D600874394 /* Release */ = {
			isa = XCBuildConfiguration;
			buildSettings = {
				ASSETCATALOG_COMPILER_APPICON_NAME = AppIcon;
				INFOPLIST_FILE = DRonanHW01/Info.plist;
				LD_RUNPATH_SEARCH_PATHS = "$(inherited) @executable_path/Frameworks";
				PRODUCT_BUNDLE_IDENTIFIER = com.domronan.DRonanHW01;
				PRODUCT_NAME = "$(TARGET_NAME)";
				SWIFT_VERSION = 3.0;
			};
			name = Release;
		};
		D22114A91E36C7D600874394 /* Debug */ = {
			isa = XCBuildConfiguration;
			buildSettings = {
				ALWAYS_EMBED_SWIFT_STANDARD_LIBRARIES = YES;
				BUNDLE_LOADER = "$(TEST_HOST)";
				INFOPLIST_FILE = DRonanHW01Tests/Info.plist;
				LD_RUNPATH_SEARCH_PATHS = "$(inherited) @executable_path/Frameworks @loader_path/Frameworks";
				PRODUCT_BUNDLE_IDENTIFIER = com.domronan.DRonanHW01Tests;
				PRODUCT_NAME = "$(TARGET_NAME)";
				SWIFT_VERSION = 3.0;
				TEST_HOST = "$(BUILT_PRODUCTS_DIR)/DRonanHW01.app/DRonanHW01";
			};
			name = Debug;
		};
		D22114AA1E36C7D600874394 /* Release */ = {
			isa = XCBuildConfiguration;
			buildSettings = {
				ALWAYS_EMBED_SWIFT_STANDARD_LIBRARIES = YES;
				BUNDLE_LOADER = "$(TEST_HOST)";
				INFOPLIST_FILE = DRonanHW01Tests/Info.plist;
				LD_RUNPATH_SEARCH_PATHS = "$(inherited) @executable_path/Frameworks @loader_path/Frameworks";
				PRODUCT_BUNDLE_IDENTIFIER = com.domronan.DRonanHW01Tests;
				PRODUCT_NAME = "$(TARGET_NAME)";
				SWIFT_VERSION = 3.0;
				TEST_HOST = "$(BUILT_PRODUCTS_DIR)/DRonanHW01.app/DRonanHW01";
			};
			name = Release;
		};
		D22114AC1E36C7D600874394 /* Debug */ = {
			isa = XCBuildConfiguration;
			buildSettings = {
				ALWAYS_EMBED_SWIFT_STANDARD_LIBRARIES = YES;
				INFOPLIST_FILE = DRonanHW01UITests/Info.plist;
				LD_RUNPATH_SEARCH_PATHS = "$(inherited) @executable_path/Frameworks @loader_path/Frameworks";
				PRODUCT_BUNDLE_IDENTIFIER = com.domronan.DRonanHW01UITests;
				PRODUCT_NAME = "$(TARGET_NAME)";
				SWIFT_VERSION = 3.0;
				TEST_TARGET_NAME = DRonanHW01;
			};
			name = Debug;
		};
		D22114AD1E36C7D600874394 /* Release */ = {
			isa = XCBuildConfiguration;
			buildSettings = {
				ALWAYS_EMBED_SWIFT_STANDARD_LIBRARIES = YES;
				INFOPLIST_FILE = DRonanHW01UITests/Info.plist;
				LD_RUNPATH_SEARCH_PATHS = "$(inherited) @executable_path/Frameworks @loader_path/Frameworks";
				PRODUCT_BUNDLE_IDENTIFIER = com.domronan.DRonanHW01UITests;
				PRODUCT_NAME = "$(TARGET_NAME)";
				SWIFT_VERSION = 3.0;
				TEST_TARGET_NAME = DRonanHW01;
			};
			name = Release;
		};
/* End XCBuildConfiguration section */

/* Begin XCConfigurationList section */
		D22114781E36C7D600874394 /* Build configuration list for PBXProject "DRonanHW01" */ = {
			isa = XCConfigurationList;
			buildConfigurations = (
				D22114A31E36C7D600874394 /* Debug */,
				D22114A41E36C7D600874394 /* Release */,
			);
			defaultConfigurationIsVisible = 0;
			defaultConfigurationName = Release;
		};
		D22114A51E36C7D600874394 /* Build configuration list for PBXNativeTarget "DRonanHW01" */ = {
			isa = XCConfigurationList;
			buildConfigurations = (
				D22114A61E36C7D600874394 /* Debug */,
				D22114A71E36C7D600874394 /* Release */,
			);
			defaultConfigurationIsVisible = 0;
		};
		D22114A81E36C7D600874394 /* Build configuration list for PBXNativeTarget "DRonanHW01Tests" */ = {
			isa = XCConfigurationList;
			buildConfigurations = (
				D22114A91E36C7D600874394 /* Debug */,
				D22114AA1E36C7D600874394 /* Release */,
			);
			defaultConfigurationIsVisible = 0;
		};
		D22114AB1E36C7D600874394 /* Build configuration list for PBXNativeTarget "DRonanHW01UITests" */ = {
			isa = XCConfigurationList;
			buildConfigurations = (
				D22114AC1E36C7D600874394 /* Debug */,
				D22114AD1E36C7D600874394 /* Release */,
			);
			defaultConfigurationIsVisible = 0;
		};
/* End XCConfigurationList section */
	};
	rootObject = D22114751E36C7D600874394 /* Project object */;
}
